
Microsoft Visual Studio Solution File, Format Version 12.00
# Visual Studio Version 17
VisualStudioVersion = 17.6.33829.357
MinimumVisualStudioVersion = 10.0.40219.1
Project("{FAE04EC0-301F-11D3-BF4B-00C04F79EFBC}") = "bubble", "bubble\bubble.csproj", "{DCB271C6-3805-4A1D-B288-C7B7BC3A36C7}"
EndProject
Project("{2150E333-8FDC-42A3-9474-1A3956D46DE8}") = "Solution Items", "Solution Items", "{B7AC434C-8AD5-4E6B-B741-3E9F0C3380DD}"
	ProjectSection(SolutionItems) = preProject
		..\..\..\Downloads\favicon.ico = ..\..\..\Downloads\favicon.ico
	EndProjectSection
EndProject
Global
	GlobalSection(SolutionConfigurationPlatforms) = preSolution
		Debug|Any CPU = Debug|Any CPU
		Release|Any CPU = Release|Any CPU
	EndGlobalSection
	GlobalSection(ProjectConfigurationPlatforms) = postSolution
		{DCB271C6-3805-4A1D-B288-C7B7BC3A36C7}.Debug|Any CPU.ActiveCfg = Debug|Any CPU
		{DCB271C6-3805-4A1D-B288-C7B7BC3A36C7}.Debug|Any CPU.Build.0 = Debug|Any CPU
		{DCB271C6-3805-4A1D-B288-C7B7BC3A36C7}.Release|Any CPU.ActiveCfg = Release|Any CPU
		{DCB271C6-3805-4A1D-B288-C7B7BC3A36C7}.Release|Any CPU.Build.0 = Release|Any CPU
	EndGlobalSection
	GlobalSection(SolutionProperties) = preSolution
		HideSolutionNode = FALSE
	EndGlobalSection
	GlobalSection(ExtensibilityGlobals) = postSolution
		SolutionGuid = {D61F2154-B50A-4ABD-958B-3A051DE8917D}
	EndGlobalSection
EndGlobal
